
Microsoft Visual Studio Solution File, Format Version 12.00
# Visual Studio 2012
Project("{FAE04EC0-301F-11D3-BF4B-00C04F79EFBC}") = "TestWpfLocalizeExtension", "TestWpfLocalizeExtension\TestWpfLocalizeExtension.csproj", "{8CF06CEF-F508-4C4D-A2C9-A0E078E5AF40}"
EndProject
Global
	GlobalSection(SolutionConfigurationPlatforms) = preSolution
		Debug|Any CPU = Debug|Any CPU
		Release|Any CPU = Release|Any CPU
	EndGlobalSection
	GlobalSection(ProjectConfigurationPlatforms) = postSolution
		{8CF06CEF-F508-4C4D-A2C9-A0E078E5AF40}.Debug|Any CPU.ActiveCfg = Debug|Any CPU
		{8CF06CEF-F508-4C4D-A2C9-A0E078E5AF40}.Debug|Any CPU.Build.0 = Debug|Any CPU
		{8CF06CEF-F508-4C4D-A2C9-A0E078E5AF40}.Release|Any CPU.ActiveCfg = Release|Any CPU
		{8CF06CEF-F508-4C4D-A2C9-A0E078E5AF40}.Release|Any CPU.Build.0 = Release|Any CPU
	EndGlobalSection
	GlobalSection(SolutionProperties) = preSolution
		HideSolutionNode = FALSE
	EndGlobalSection
EndGlobal
